
Microsoft Visual Studio Solution File, Format Version 12.00
# Visual Studio Version 17
VisualStudioVersion = 17.1.32407.343
MinimumVisualStudioVersion = 10.0.40219.1
Project("{9A19103F-16F7-4668-BE54-9A1E7A4F7556}") = "VoiceAssistant", "VoiceAssistant\VoiceAssistant.csproj", "{DC1C0321-329F-4759-B055-52C9B382D067}"
EndProject
Project("{FAE04EC0-301F-11D3-BF4B-00C04F79EFBC}") = "VoiceAssistantUI", "VoiceAssistantUI\VoiceAssistantUI.csproj", "{F9B6DA61-561C-444E-AD55-88695F24CBB5}"
EndProject
Global
	GlobalSection(SolutionConfigurationPlatforms) = preSolution
		Debug|Any CPU = Debug|Any CPU
		Release|Any CPU = Release|Any CPU
	EndGlobalSection
	GlobalSection(ProjectConfigurationPlatforms) = postSolution
		{DC1C0321-329F-4759-B055-52C9B382D067}.Debug|Any CPU.ActiveCfg = Debug|Any CPU
		{DC1C0321-329F-4759-B055-52C9B382D067}.Debug|Any CPU.Build.0 = Debug|Any CPU
		{DC1C0321-329F-4759-B055-52C9B382D067}.Release|Any CPU.ActiveCfg = Release|Any CPU
		{DC1C0321-329F-4759-B055-52C9B382D067}.Release|Any CPU.Build.0 = Release|Any CPU
		{F9B6DA61-561C-444E-AD55-88695F24CBB5}.Debug|Any CPU.ActiveCfg = Debug|Any CPU
		{F9B6DA61-561C-444E-AD55-88695F24CBB5}.Debug|Any CPU.Build.0 = Debug|Any CPU
		{F9B6DA61-561C-444E-AD55-88695F24CBB5}.Release|Any CPU.ActiveCfg = Release|Any CPU
		{F9B6DA61-561C-444E-AD55-88695F24CBB5}.Release|Any CPU.Build.0 = Release|Any CPU
	EndGlobalSection
	GlobalSection(SolutionProperties) = preSolution
		HideSolutionNode = FALSE
	EndGlobalSection
	GlobalSection(ExtensibilityGlobals) = postSolution
		SolutionGuid = {D87839C0-9277-4A63-9BB2-84669FE255BF}
	EndGlobalSection
EndGlobal
